
Microsoft Visual Studio Solution File, Format Version 12.00
# Visual Studio Version 17
VisualStudioVersion = 17.10.35013.160
MinimumVisualStudioVersion = 10.0.40219.1
Project("{FAE04EC0-301F-11D3-BF4B-00C04F79EFBC}") = "Sorts", "Sorts\Sorts.csproj", "{A13E40DC-3C66-4B8A-BB74-9BB5D29970A0}"
EndProject
Global
	GlobalSection(SolutionConfigurationPlatforms) = preSolution
		Debug|Any CPU = Debug|Any CPU
		Release|Any CPU = Release|Any CPU
	EndGlobalSection
	GlobalSection(ProjectConfigurationPlatforms) = postSolution
		{A13E40DC-3C66-4B8A-BB74-9BB5D29970A0}.Debug|Any CPU.ActiveCfg = Debug|Any CPU
		{A13E40DC-3C66-4B8A-BB74-9BB5D29970A0}.Debug|Any CPU.Build.0 = Debug|Any CPU
		{A13E40DC-3C66-4B8A-BB74-9BB5D29970A0}.Release|Any CPU.ActiveCfg = Release|Any CPU
		{A13E40DC-3C66-4B8A-BB74-9BB5D29970A0}.Release|Any CPU.Build.0 = Release|Any CPU
	EndGlobalSection
	GlobalSection(SolutionProperties) = preSolution
		HideSolutionNode = FALSE
	EndGlobalSection
	GlobalSection(ExtensibilityGlobals) = postSolution
		SolutionGuid = {5B966241-0710-49ED-B59C-707E6F7FD12E}
	EndGlobalSection
EndGlobal
